// !$*UTF8*$!
{
	archiveVersion = 1;
	classes = {
	};
	objectVersion = 52;
	objects = {

/* Begin PBXBuildFile section */
		A6CD2910262E833C007215D4 /* AppDelegate.swift in Sources */ = {isa = PBXBuildFile; fileRef = A6CD290F262E833C007215D4 /* AppDelegate.swift */; };
		A6CD2912262E833C007215D4 /* SceneDelegate.swift in Sources */ = {isa = PBXBuildFile; fileRef = A6CD2911262E833C007215D4 /* SceneDelegate.swift */; };
		A6CD2917262E833C007215D4 /* Main.storyboard in Resources */ = {isa = PBXBuildFile; fileRef = A6CD2915262E833C007215D4 /* Main.storyboard */; };
		A6CD2919262E833E007215D4 /* Assets.xcassets in Resources */ = {isa = PBXBuildFile; fileRef = A6CD2918262E833E007215D4 /* Assets.xcassets */; };
		A6CD291C262E833E007215D4 /* LaunchScreen.storyboard in Resources */ = {isa = PBXBuildFile; fileRef = A6CD291A262E833E007215D4 /* LaunchScreen.storyboard */; };
		A6CD2924262E8500007215D4 /* StoreItemListTableViewController.swift in Sources */ = {isa = PBXBuildFile; fileRef = A6CD2923262E8500007215D4 /* StoreItemListTableViewController.swift */; };
		A6CD2926262E8745007215D4 /* StoreItem.swift in Sources */ = {isa = PBXBuildFile; fileRef = A6CD2925262E8745007215D4 /* StoreItem.swift */; };
		A6CD2929262E8A3E007215D4 /* Kingfisher in Frameworks */ = {isa = PBXBuildFile; productRef = A6CD2928262E8A3E007215D4 /* Kingfisher */; };
		A6CD292B262E8A63007215D4 /* ItemCell.swift in Sources */ = {isa = PBXBuildFile; fileRef = A6CD292A262E8A63007215D4 /* ItemCell.swift */; };
/* End PBXBuildFile section */

/* Begin PBXFileReference section */
		A6CD290C262E833C007215D4 /* TableViewHeaderSearchBarDemo.app */ = {isa = PBXFileReference; explicitFileType = wrapper.application; includeInIndex = 0; path = TableViewHeaderSearchBarDemo.app; sourceTree = BUILT_PRODUCTS_DIR; };
		A6CD290F262E833C007215D4 /* AppDelegate.swift */ = {isa = PBXFileReference; lastKnownFileType = sourcecode.swift; path = AppDelegate.swift; sourceTree = "<group>"; };
		A6CD2911262E833C007215D4 /* SceneDelegate.swift */ = {isa = PBXFileReference; lastKnownFileType = sourcecode.swift; path = SceneDelegate.swift; sourceTree = "<group>"; };
		A6CD2916262E833C007215D4 /* Base */ = {isa = PBXFileReference; lastKnownFileType = file.storyboard; name = Base; path = Base.lproj/Main.storyboard; sourceTree = "<group>"; };
		A6CD2918262E833E007215D4 /* Assets.xcassets */ = {isa = PBXFileReference; lastKnownFileType = folder.assetcatalog; path = Assets.xcassets; sourceTree = "<group>"; };
		A6CD291B262E833E007215D4 /* Base */ = {isa = PBXFileReference; lastKnownFileType = file.storyboard; name = Base; path = Base.lproj/LaunchScreen.storyboard; sourceTree = "<group>"; };
		A6CD291D262E833E007215D4 /* Info.plist */ = {isa = PBXFileReference; lastKnownFileType = text.plist.xml; path = Info.plist; sourceTree = "<group>"; };
		A6CD2923262E8500007215D4 /* StoreItemListTableViewController.swift */ = {isa = PBXFileReference; lastKnownFileType = sourcecode.swift; path = StoreItemListTableViewController.swift; sourceTree = "<group>"; };
		A6CD2925262E8745007215D4 /* StoreItem.swift */ = {isa = PBXFileReference; fileEncoding = 4; lastKnownFileType = sourcecode.swift; path = StoreItem.swift; sourceTree = "<group>"; };
		A6CD292A262E8A63007215D4 /* ItemCell.swift */ = {isa = PBXFileReference; lastKnownFileType = sourcecode.swift; path = ItemCell.swift; sourceTree = "<group>"; };
/* End PBXFileReference section */

/* Begin PBXFrameworksBuildPhase section */
		A6CD2909262E833C007215D4 /* Frameworks */ = {
			isa = PBXFrameworksBuildPhase;
			buildActionMask = 2147483647;
			files = (
				A6CD2929262E8A3E007215D4 /* Kingfisher in Frameworks */,
			);
			runOnlyForDeploymentPostprocessing = 0;
		};
/* End PBXFrameworksBuildPhase section */

/* Begin PBXGroup section */
		A6CD2903262E833C007215D4 = {
			isa = PBXGroup;
			children = (
				A6CD290E262E833C007215D4 /* TableViewHeaderSearchBarDemo */,
				A6CD290D262E833C007215D4 /* Products */,
			);
			sourceTree = "<group>";
		};
		A6CD290D262E833C007215D4 /* Products */ = {
			isa = PBXGroup;
			children = (
				A6CD290C262E833C007215D4 /* TableViewHeaderSearchBarDemo.app */,
			);
			name = Products;
			sourceTree = "<group>";
		};
		A6CD290E262E833C007215D4 /* TableViewHeaderSearchBarDemo */ = {
			isa = PBXGroup;
			children = (
				A6CD290F262E833C007215D4 /* AppDelegate.swift */,
				A6CD2911262E833C007215D4 /* SceneDelegate.swift */,
				A6CD2923262E8500007215D4 /* StoreItemListTableViewController.swift */,
				A6CD2925262E8745007215D4 /* StoreItem.swift */,
				A6CD292A262E8A63007215D4 /* ItemCell.swift */,
				A6CD2915262E833C007215D4 /* Main.storyboard */,
				A6CD2918262E833E007215D4 /* Assets.xcassets */,
				A6CD291A262E833E007215D4 /* LaunchScreen.storyboard */,
				A6CD291D262E833E007215D4 /* Info.plist */,
			);
			path = TableViewHeaderSearchBarDemo;
			sourceTree = "<group>";
		};
/* End PBXGroup section */

/* Begin PBXNativeTarget section */
		A6CD290B262E833C007215D4 /* TableViewHeaderSearchBarDemo */ = {
			isa = PBXNativeTarget;
			buildConfigurationList = A6CD2920262E833E007215D4 /* Build configuration list for PBXNativeTarget "TableViewHeaderSearchBarDemo" */;
			buildPhases = (
				A6CD2908262E833C007215D4 /* Sources */,
				A6CD2909262E833C007215D4 /* Frameworks */,
				A6CD290A262E833C007215D4 /* Resources */,
			);
			buildRules = (
			);
			dependencies = (
			);
			name = TableViewHeaderSearchBarDemo;
			packageProductDependencies = (
				A6CD2928262E8A3E007215D4 /* Kingfisher */,
			);
			productName = TableViewHeaderSearchBarDemo;
			productReference = A6CD290C262E833C007215D4 /* TableViewHeaderSearchBarDemo.app */;
			productType = "com.apple.product-type.application";
		};
/* End PBXNativeTarget section */

/* Begin PBXProject section */
		A6CD2904262E833C007215D4 /* Project object */ = {
			isa = PBXProject;
			attributes = {
				LastSwiftUpdateCheck = 1250;
				LastUpgradeCheck = 1250;
				TargetAttributes = {
					A6CD290B262E833C007215D4 = {
						CreatedOnToolsVersion = 12.5;
					};
				};
			};
			buildConfigurationList = A6CD2907262E833C007215D4 /* Build configuration list for PBXProject "TableViewHeaderSearchBarDemo" */;
			compatibilityVersion = "Xcode 9.3";
			developmentRegion = en;
			hasScannedForEncodings = 0;
			knownRegions = (
				en,
				Base,
			);
			mainGroup = A6CD2903262E833C007215D4;
			packageReferences = (
				A6CD2927262E8A3E007215D4 /* XCRemoteSwiftPackageReference "Kingfisher" */,
			);
			productRefGroup = A6CD290D262E833C007215D4 /* Products */;
			projectDirPath = "";
			projectRoot = "";
			targets = (
				A6CD290B262E833C007215D4 /* TableViewHeaderSearchBarDemo */,
			);
		};
/* End PBXProject section */

/* Begin PBXResourcesBuildPhase section */
		A6CD290A262E833C007215D4 /* Resources */ = {
			isa = PBXResourcesBuildPhase;
			buildActionMask = 2147483647;
			files = (
				A6CD291C262E833E007215D4 /* LaunchScreen.storyboard in Resources */,
				A6CD2919262E833E007215D4 /* Assets.xcassets in Resources */,
				A6CD2917262E833C007215D4 /* Main.storyboard in Resources */,
			);
			runOnlyForDeploymentPostprocessing = 0;
		};
/* End PBXResourcesBuildPhase section */

/* Begin PBXSourcesBuildPhase section */
		A6CD2908262E833C007215D4 /* Sources */ = {
			isa = PBXSourcesBuildPhase;
			buildActionMask = 2147483647;
			files = (
				A6CD2924262E8500007215D4 /* StoreItemListTableViewController.swift in Sources */,
				A6CD2926262E8745007215D4 /* StoreItem.swift in Sources */,
				A6CD292B262E8A63007215D4 /* ItemCell.swift in Sources */,
				A6CD2910262E833C007215D4 /* AppDelegate.swift in Sources */,
				A6CD2912262E833C007215D4 /* SceneDelegate.swift in Sources */,
			);
			runOnlyForDeploymentPostprocessing = 0;
		};
/* End PBXSourcesBuildPhase section */

/* Begin PBXVariantGroup section */
		A6CD2915262E833C007215D4 /* Main.storyboard */ = {
			isa = PBXVariantGroup;
			children = (
				A6CD2916262E833C007215D4 /* Base */,
			);
			name = Main.storyboard;
			sourceTree = "<group>";
		};
		A6CD291A262E833E007215D4 /* LaunchScreen.storyboard */ = {
			isa = PBXVariantGroup;
			children = (
				A6CD291B262E833E007215D4 /* Base */,
			);
			name = LaunchScreen.storyboard;
			sourceTree = "<group>";
		};
/* End PBXVariantGroup section */

/* Begin XCBuildConfiguration section */
		A6CD291E262E833E007215D4 /* Debug */ = {
			isa = XCBuildConfiguration;
			buildSettings = {
				ALWAYS_SEARCH_USER_PATHS = NO;
				CLANG_ANALYZER_NONNULL = YES;
				CLANG_ANALYZER_NUMBER_OBJECT_CONVERSION = YES_AGGRESSIVE;
				CLANG_CXX_LANGUAGE_STANDARD = "gnu++14";
				CLANG_CXX_LIBRARY = "libc++";
				CLANG_ENABLE_MODULES = YES;
				CLANG_ENABLE_OBJC_ARC = YES;
				CLANG_ENABLE_OBJC_WEAK = YES;
				CLANG_WARN_BLOCK_CAPTURE_AUTORELEASING = YES;
				CLANG_WARN_BOOL_CONVERSION = YES;
				CLANG_WARN_COMMA = YES;
				CLANG_WARN_CONSTANT_CONVERSION = YES;
				CLANG_WARN_DEPRECATED_OBJC_IMPLEMENTATIONS = YES;
				CLANG_WARN_DIRECT_OBJC_ISA_USAGE = YES_ERROR;
				CLANG_WARN_DOCUMENTATION_COMMENTS = YES;
				CLANG_WARN_EMPTY_BODY = YES;
				CLANG_WARN_ENUM_CONVERSION = YES;
				CLANG_WARN_INFINITE_RECURSION = YES;
				CLANG_WARN_INT_CONVERSION = YES;
				CLANG_WARN_NON_LITERAL_NULL_CONVERSION = YES;
				CLANG_WARN_OBJC_IMPLICIT_RETAIN_SELF = YES;
				CLANG_WARN_OBJC_LITERAL_CONVERSION = YES;
				CLANG_WARN_OBJC_ROOT_CLASS = YES_ERROR;
				CLANG_WARN_QUOTED_INCLUDE_IN_FRAMEWORK_HEADER = YES;
				CLANG_WARN_RANGE_LOOP_ANALYSIS = YES;
				CLANG_WARN_STRICT_PROTOTYPES = YES;
				CLANG_WARN_SUSPICIOUS_MOVE = YES;
				CLANG_WARN_UNGUARDED_AVAILABILITY = YES_AGGRESSIVE;
				CLANG_WARN_UNREACHABLE_CODE = YES;
				CLANG_WARN__DUPLICATE_METHOD_MATCH = YES;
				COPY_PHASE_STRIP = NO;
				DEBUG_INFORMATION_FORMAT = dwarf;
				ENABLE_STRICT_OBJC_MSGSEND = YES;
				ENABLE_TESTABILITY = YES;
				GCC_C_LANGUAGE_STANDARD = gnu11;
				GCC_DYNAMIC_NO_PIC = NO;
				GCC_NO_COMMON_BLOCKS = YES;
				GCC_OPTIMIZATION_LEVEL = 0;
				GCC_PREPROCESSOR_DEFINITIONS = (
					"DEBUG=1",
					"$(inherited)",
				);
				GCC_WARN_64_TO_32_BIT_CONVERSION = YES;
				GCC_WARN_ABOUT_RETURN_TYPE = YES_ERROR;
				GCC_WARN_UNDECLARED_SELECTOR = YES;
				GCC_WARN_UNINITIALIZED_AUTOS = YES_AGGRESSIVE;
				GCC_WARN_UNUSED_FUNCTION = YES;
				GCC_WARN_UNUSED_VARIABLE = YES;
				IPHONEOS_DEPLOYMENT_TARGET = 14.5;
				MTL_ENABLE_DEBUG_INFO = INCLUDE_SOURCE;
				MTL_FAST_MATH = YES;
				ONLY_ACTIVE_ARCH = YES;
				SDKROOT = iphoneos;
				SWIFT_ACTIVE_COMPILATION_CONDITIONS = DEBUG;
				SWIFT_OPTIMIZATION_LEVEL = "-Onone";
			};
			name = Debug;
		};
		A6CD291F262E833E007215D4 /* Release */ = {
			isa = XCBuildConfiguration;
			buildSettings = {
				ALWAYS_SEARCH_USER_PATHS = NO;
				CLANG_ANALYZER_NONNULL = YES;
				CLANG_ANALYZER_NUMBER_OBJECT_CONVERSION = YES_AGGRESSIVE;
				CLANG_CXX_LANGUAGE_STANDARD = "gnu++14";
				CLANG_CXX_LIBRARY = "libc++";
				CLANG_ENABLE_MODULES = YES;
				CLANG_ENABLE_OBJC_ARC = YES;
				CLANG_ENABLE_OBJC_WEAK = YES;
				CLANG_WARN_BLOCK_CAPTURE_AUTORELEASING = YES;
				CLANG_WARN_BOOL_CONVERSION = YES;
				CLANG_WARN_COMMA = YES;
				CLANG_WARN_CONSTANT_CONVERSION = YES;
				CLANG_WARN_DEPRECATED_OBJC_IMPLEMENTATIONS = YES;
				CLANG_WARN_DIRECT_OBJC_ISA_USAGE = YES_ERROR;
				CLANG_WARN_DOCUMENTATION_COMMENTS = YES;
				CLANG_WARN_EMPTY_BODY = YES;
				CLANG_WARN_ENUM_CONVERSION = YES;
				CLANG_WARN_INFINITE_RECURSION = YES;
				CLANG_WARN_INT_CONVERSION = YES;
				CLANG_WARN_NON_LITERAL_NULL_CONVERSION = YES;
				CLANG_WARN_OBJC_IMPLICIT_RETAIN_SELF = YES;
				CLANG_WARN_OBJC_LITERAL_CONVERSION = YES;
				CLANG_WARN_OBJC_ROOT_CLASS = YES_ERROR;
				CLANG_WARN_QUOTED_INCLUDE_IN_FRAMEWORK_HEADER = YES;
				CLANG_WARN_RANGE_LOOP_ANALYSIS = YES;
				CLANG_WARN_STRICT_PROTOTYPES = YES;
				CLANG_WARN_SUSPICIOUS_MOVE = YES;
				CLANG_WARN_UNGUARDED_AVAILABILITY = YES_AGGRESSIVE;
				CLANG_WARN_UNREACHABLE_CODE = YES;
				CLANG_WARN__DUPLICATE_METHOD_MATCH = YES;
				COPY_PHASE_STRIP = NO;
				DEBUG_INFORMATION_FORMAT = "dwarf-with-dsym";
				ENABLE_NS_ASSERTIONS = NO;
				ENABLE_STRICT_OBJC_MSGSEND = YES;
				GCC_C_LANGUAGE_STANDARD = gnu11;
				GCC_NO_COMMON_BLOCKS = YES;
				GCC_WARN_64_TO_32_BIT_CONVERSION = YES;
				GCC_WARN_ABOUT_RETURN_TYPE = YES_ERROR;
				GCC_WARN_UNDECLARED_SELECTOR = YES;
				GCC_WARN_UNINITIALIZED_AUTOS = YES_AGGRESSIVE;
				GCC_WARN_UNUSED_FUNCTION = YES;
				GCC_WARN_UNUSED_VARIABLE = YES;
				IPHONEOS_DEPLOYMENT_TARGET = 14.5;
				MTL_ENABLE_DEBUG_INFO = NO;
				MTL_FAST_MATH = YES;
				SDKROOT = iphoneos;
				SWIFT_COMPILATION_MODE = wholemodule;
				SWIFT_OPTIMIZATION_LEVEL = "-O";
				VALIDATE_PRODUCT = YES;
			};
			name = Release;
		};
		A6CD2921262E833E007215D4 /* Debug */ = {
			isa = XCBuildConfiguration;
			buildSettings = {
				ASSETCATALOG_COMPILER_APPICON_NAME = AppIcon;
				ASSETCATALOG_COMPILER_GLOBAL_ACCENT_COLOR_NAME = AccentColor;
				CODE_SIGN_STYLE = Automatic;
				INFOPLIST_FILE = TableViewHeaderSearchBarDemo/Info.plist;
				LD_RUNPATH_SEARCH_PATHS = (
					"$(inherited)",
					"@executable_path/Frameworks",
				);
				PRODUCT_BUNDLE_IDENTIFIER = com.peter.TableViewHeaderSearchBarDemo;
				PRODUCT_NAME = "$(TARGET_NAME)";
				SWIFT_VERSION = 5.0;
				TARGETED_DEVICE_FAMILY = "1,2";
			};
			name = Debug;
		};
		A6CD2922262E833E007215D4 /* Release */ = {
			isa = XCBuildConfiguration;
			buildSettings = {
				ASSETCATALOG_COMPILER_APPICON_NAME = AppIcon;
				ASSETCATALOG_COMPILER_GLOBAL_ACCENT_COLOR_NAME = AccentColor;
				CODE_SIGN_STYLE = Automatic;
				INFOPLIST_FILE = TableViewHeaderSearchBarDemo/Info.plist;
				LD_RUNPATH_SEARCH_PATHS = (
					"$(inherited)",
					"@executable_path/Frameworks",
				);
				PRODUCT_BUNDLE_IDENTIFIER = com.peter.TableViewHeaderSearchBarDemo;
				PRODUCT_NAME = "$(TARGET_NAME)";
				SWIFT_VERSION = 5.0;
				TARGETED_DEVICE_FAMILY = "1,2";
			};
			name = Release;
		};
/* End XCBuildConfiguration section */

/* Begin XCConfigurationList section */
		A6CD2907262E833C007215D4 /* Build configuration list for PBXProject "TableViewHeaderSearchBarDemo" */ = {
			isa = XCConfigurationList;
			buildConfigurations = (
				A6CD291E262E833E007215D4 /* Debug */,
				A6CD291F262E833E007215D4 /* Release */,
			);
			defaultConfigurationIsVisible = 0;
			defaultConfigurationName = Release;
		};
		A6CD2920262E833E007215D4 /* Build configuration list for PBXNativeTarget "TableViewHeaderSearchBarDemo" */ = {
			isa = XCConfigurationList;
			buildConfigurations = (
				A6CD2921262E833E007215D4 /* Debug */,
				A6CD2922262E833E007215D4 /* Release */,
			);
			defaultConfigurationIsVisible = 0;
			defaultConfigurationName = Release;
		};
/* End XCConfigurationList section */

/* Begin XCRemoteSwiftPackageReference section */
		A6CD2927262E8A3E007215D4 /* XCRemoteSwiftPackageReference "Kingfisher" */ = {
			isa = XCRemoteSwiftPackageReference;
			repositoryURL = "https://github.com/onevcat/Kingfisher.git";
			requirement = {
				kind = upToNextMajorVersion;
				minimumVersion = 6.2.1;
			};
		};
/* End XCRemoteSwiftPackageReference section */

/* Begin XCSwiftPackageProductDependency section */
		A6CD2928262E8A3E007215D4 /* Kingfisher */ = {
			isa = XCSwiftPackageProductDependency;
			package = A6CD2927262E8A3E007215D4 /* XCRemoteSwiftPackageReference "Kingfisher" */;
			productName = Kingfisher;
		};
/* End XCSwiftPackageProductDependency section */
	};
	rootObject = A6CD2904262E833C007215D4 /* Project object */;
}
